
Microsoft Visual Studio Solution File, Format Version 12.00
# Visual Studio 15
VisualStudioVersion = 15.0.27428.2015
MinimumVisualStudioVersion = 10.0.40219.1
Project("{F2A71F9B-5D33-465A-A702-920D77279786}") = "AntennaMeasurement", "AntennaMeasurement\AntennaMeasurement.fsproj", "{A64E6DE4-3D54-4217-B840-1DAE875A5668}"
EndProject
Global
	GlobalSection(SolutionConfigurationPlatforms) = preSolution
		Debug|Any CPU = Debug|Any CPU
		Release|Any CPU = Release|Any CPU
	EndGlobalSection
	GlobalSection(ProjectConfigurationPlatforms) = postSolution
		{A64E6DE4-3D54-4217-B840-1DAE875A5668}.Debug|Any CPU.ActiveCfg = Debug|Any CPU
		{A64E6DE4-3D54-4217-B840-1DAE875A5668}.Debug|Any CPU.Build.0 = Debug|Any CPU
		{A64E6DE4-3D54-4217-B840-1DAE875A5668}.Release|Any CPU.ActiveCfg = Release|Any CPU
		{A64E6DE4-3D54-4217-B840-1DAE875A5668}.Release|Any CPU.Build.0 = Release|Any CPU
	EndGlobalSection
	GlobalSection(SolutionProperties) = preSolution
		HideSolutionNode = FALSE
	EndGlobalSection
	GlobalSection(ExtensibilityGlobals) = postSolution
		SolutionGuid = {B3137AAF-9A3E-4ABE-AB97-75E84ADB1AA7}
	EndGlobalSection
EndGlobal
