
Microsoft Visual Studio Solution File, Format Version 12.00
# Visual Studio Version 17
VisualStudioVersion = 17.1.31911.260
MinimumVisualStudioVersion = 10.0.40219.1
Project("{6EC3EE1D-3C4E-46DD-8F32-0CC8E7565705}") = "AntennaMeasurement-3", "AntennaMeasurement-3.fsproj", "{29720B41-C7D9-4DB2-B4FF-507E212A8D10}"
EndProject
Global
	GlobalSection(SolutionConfigurationPlatforms) = preSolution
		Debug|Any CPU = Debug|Any CPU
		Release|Any CPU = Release|Any CPU
	EndGlobalSection
	GlobalSection(ProjectConfigurationPlatforms) = postSolution
		{29720B41-C7D9-4DB2-B4FF-507E212A8D10}.Debug|Any CPU.ActiveCfg = Debug|Any CPU
		{29720B41-C7D9-4DB2-B4FF-507E212A8D10}.Debug|Any CPU.Build.0 = Debug|Any CPU
		{29720B41-C7D9-4DB2-B4FF-507E212A8D10}.Release|Any CPU.ActiveCfg = Release|Any CPU
		{29720B41-C7D9-4DB2-B4FF-507E212A8D10}.Release|Any CPU.Build.0 = Release|Any CPU
	EndGlobalSection
	GlobalSection(SolutionProperties) = preSolution
		HideSolutionNode = FALSE
	EndGlobalSection
	GlobalSection(ExtensibilityGlobals) = postSolution
		SolutionGuid = {2CAC6D38-84C1-408A-A571-3F9BE2017122}
	EndGlobalSection
EndGlobal
